
Microsoft Visual Studio Solution File, Format Version 12.00
# Visual Studio Version 17
VisualStudioVersion = 17.11.35312.102
MinimumVisualStudioVersion = 10.0.40219.1
Project("{9A19103F-16F7-4668-BE54-9A1E7A4F7556}") = "Chat", "Webchat\Chat.csproj", "{28F28375-70C4-428D-8410-C7F5DA41CDE6}"
EndProject
Global
	GlobalSection(SolutionConfigurationPlatforms) = preSolution
		Debug|Any CPU = Debug|Any CPU
		Release|Any CPU = Release|Any CPU
	EndGlobalSection
	GlobalSection(ProjectConfigurationPlatforms) = postSolution
		{28F28375-70C4-428D-8410-C7F5DA41CDE6}.Debug|Any CPU.ActiveCfg = Debug|Any CPU
		{28F28375-70C4-428D-8410-C7F5DA41CDE6}.Debug|Any CPU.Build.0 = Debug|Any CPU
		{28F28375-70C4-428D-8410-C7F5DA41CDE6}.Release|Any CPU.ActiveCfg = Release|Any CPU
		{28F28375-70C4-428D-8410-C7F5DA41CDE6}.Release|Any CPU.Build.0 = Release|Any CPU
	EndGlobalSection
	GlobalSection(SolutionProperties) = preSolution
		HideSolutionNode = FALSE
	EndGlobalSection
	GlobalSection(ExtensibilityGlobals) = postSolution
		SolutionGuid = {6270F8AF-0927-4D2D-B055-0242B77A39C4}
	EndGlobalSection
EndGlobal
